
Microsoft Visual Studio Solution File, Format Version 12.00
# Visual Studio Version 16
VisualStudioVersion = 16.0.31702.278
MinimumVisualStudioVersion = 10.0.40219.1
Project("{2150E333-8FDC-42A3-9474-1A3956D46DE8}") = "test", "test", "{1BED44A8-E210-4808-819F-307B43311A1B}"
EndProject
Project("{FAE04EC0-301F-11D3-BF4B-00C04F79EFBC}") = "appwpf", "appwpf\appwpf.csproj", "{18DD42FE-F70D-4B09-9867-BEDF2AD318BD}"
EndProject
Global
	GlobalSection(SolutionConfigurationPlatforms) = preSolution
		Debug|Any CPU = Debug|Any CPU
		Release|Any CPU = Release|Any CPU
	EndGlobalSection
	GlobalSection(ProjectConfigurationPlatforms) = postSolution
		{18DD42FE-F70D-4B09-9867-BEDF2AD318BD}.Debug|Any CPU.ActiveCfg = Debug|Any CPU
		{18DD42FE-F70D-4B09-9867-BEDF2AD318BD}.Debug|Any CPU.Build.0 = Debug|Any CPU
		{18DD42FE-F70D-4B09-9867-BEDF2AD318BD}.Release|Any CPU.ActiveCfg = Release|Any CPU
		{18DD42FE-F70D-4B09-9867-BEDF2AD318BD}.Release|Any CPU.Build.0 = Release|Any CPU
	EndGlobalSection
	GlobalSection(SolutionProperties) = preSolution
		HideSolutionNode = FALSE
	EndGlobalSection
	GlobalSection(ExtensibilityGlobals) = postSolution
		SolutionGuid = {E38B0D6C-F923-4C89-BD05-5E8C6272E1FF}
	EndGlobalSection
EndGlobal
